
Microsoft Visual Studio Solution File, Format Version 12.00
# Visual Studio 15
VisualStudioVersion = 15.0.27004.2008
MinimumVisualStudioVersion = 10.0.40219.1
Project("{FAE04EC0-301F-11D3-BF4B-00C04F79EFBC}") = "Proyecto_Final.Android", "Proyecto Final\Proyecto_Final.Android\Proyecto_Final.Android.csproj", "{B78511EF-E40D-40F7-92E5-6AA580A0A24F}"
EndProject
Project("{FAE04EC0-301F-11D3-BF4B-00C04F79EFBC}") = "Proyecto_Final", "Proyecto Final\Proyecto_Final\Proyecto_Final.csproj", "{48140401-B57D-4F9F-AEF0-9DE964D8C0B6}"
EndProject
Project("{FAE04EC0-301F-11D3-BF4B-00C04F79EFBC}") = "Proyecto_Final.UWP", "Proyecto Final\Proyecto_Final.UWP\Proyecto_Final.UWP.csproj", "{9F18B1B0-AEB7-47FA-A50B-8F5EA266533A}"
EndProject
Project("{FAE04EC0-301F-11D3-BF4B-00C04F79EFBC}") = "Proyecto_Final.iOS", "Proyecto Final\Proyecto_Final.iOS\Proyecto_Final.iOS.csproj", "{814FCCC2-E824-409D-9EAB-55841A1C2C2C}"
EndProject
Global
	GlobalSection(SolutionConfigurationPlatforms) = preSolution
		Ad-Hoc|Any CPU = Ad-Hoc|Any CPU
		Ad-Hoc|ARM = Ad-Hoc|ARM
		Ad-Hoc|iPhone = Ad-Hoc|iPhone
		Ad-Hoc|iPhoneSimulator = Ad-Hoc|iPhoneSimulator
		Ad-Hoc|x64 = Ad-Hoc|x64
		Ad-Hoc|x86 = Ad-Hoc|x86
		AppStore|Any CPU = AppStore|Any CPU
		AppStore|ARM = AppStore|ARM
		AppStore|iPhone = AppStore|iPhone
		AppStore|iPhoneSimulator = AppStore|iPhoneSimulator
		AppStore|x64 = AppStore|x64
		AppStore|x86 = AppStore|x86
		Debug|Any CPU = Debug|Any CPU
		Debug|ARM = Debug|ARM
		Debug|iPhone = Debug|iPhone
		Debug|iPhoneSimulator = Debug|iPhoneSimulator
		Debug|x64 = Debug|x64
		Debug|x86 = Debug|x86
		Release|Any CPU = Release|Any CPU
		Release|ARM = Release|ARM
		Release|iPhone = Release|iPhone
		Release|iPhoneSimulator = Release|iPhoneSimulator
		Release|x64 = Release|x64
		Release|x86 = Release|x86
	EndGlobalSection
	GlobalSection(ProjectConfigurationPlatforms) = postSolution
		{B78511EF-E40D-40F7-92E5-6AA580A0A24F}.Ad-Hoc|Any CPU.ActiveCfg = Release|Any CPU
		{B78511EF-E40D-40F7-92E5-6AA580A0A24F}.Ad-Hoc|Any CPU.Build.0 = Release|Any CPU
		{B78511EF-E40D-40F7-92E5-6AA580A0A24F}.Ad-Hoc|Any CPU.Deploy.0 = Release|Any CPU
		{B78511EF-E40D-40F7-92E5-6AA580A0A24F}.Ad-Hoc|ARM.ActiveCfg = Release|Any CPU
		{B78511EF-E40D-40F7-92E5-6AA580A0A24F}.Ad-Hoc|ARM.Build.0 = Release|Any CPU
		{B78511EF-E40D-40F7-92E5-6AA580A0A24F}.Ad-Hoc|ARM.Deploy.0 = Release|Any CPU
		{B78511EF-E40D-40F7-92E5-6AA580A0A24F}.Ad-Hoc|iPhone.ActiveCfg = Release|Any CPU
		{B78511EF-E40D-40F7-92E5-6AA580A0A24F}.Ad-Hoc|iPhone.Build.0 = Release|Any CPU
		{B78511EF-E40D-40F7-92E5-6AA580A0A24F}.Ad-Hoc|iPhone.Deploy.0 = Release|Any CPU
		{B78511EF-E40D-40F7-92E5-6AA580A0A24F}.Ad-Hoc|iPhoneSimulator.ActiveCfg = Release|Any CPU
		{B78511EF-E40D-40F7-92E5-6AA580A0A24F}.Ad-Hoc|iPhoneSimulator.Build.0 = Release|Any CPU
		{B78511EF-E40D-40F7-92E5-6AA580A0A24F}.Ad-Hoc|iPhoneSimulator.Deploy.0 = Release|Any CPU
		{B78511EF-E40D-40F7-92E5-6AA580A0A24F}.Ad-Hoc|x64.ActiveCfg = Release|Any CPU
		{B78511EF-E40D-40F7-92E5-6AA580A0A24F}.Ad-Hoc|x64.Build.0 = Release|Any CPU
		{B78511EF-E40D-40F7-92E5-6AA580A0A24F}.Ad-Hoc|x64.Deploy.0 = Release|Any CPU
		{B78511EF-E40D-40F7-92E5-6AA580A0A24F}.Ad-Hoc|x86.ActiveCfg = Release|Any CPU
		{B78511EF-E40D-40F7-92E5-6AA580A0A24F}.Ad-Hoc|x86.Build.0 = Release|Any CPU
		{B78511EF-E40D-40F7-92E5-6AA580A0A24F}.Ad-Hoc|x86.Deploy.0 = Release|Any CPU
		{B78511EF-E40D-40F7-92E5-6AA580A0A24F}.AppStore|Any CPU.ActiveCfg = Release|Any CPU
		{B78511EF-E40D-40F7-92E5-6AA580A0A24F}.AppStore|Any CPU.Build.0 = Release|Any CPU
		{B78511EF-E40D-40F7-92E5-6AA580A0A24F}.AppStore|Any CPU.Deploy.0 = Release|Any CPU
		{B78511EF-E40D-40F7-92E5-6AA580A0A24F}.AppStore|ARM.ActiveCfg = Release|Any CPU
		{B78511EF-E40D-40F7-92E5-6AA580A0A24F}.AppStore|ARM.Build.0 = Release|Any CPU
		{B78511EF-E40D-40F7-92E5-6AA580A0A24F}.AppStore|ARM.Deploy.0 = Release|Any CPU
		{B78511EF-E40D-40F7-92E5-6AA580A0A24F}.AppStore|iPhone.ActiveCfg = Release|Any CPU
		{B78511EF-E40D-40F7-92E5-6AA580A0A24F}.AppStore|iPhone.Build.0 = Release|Any CPU
		{B78511EF-E40D-40F7-92E5-6AA580A0A24F}.AppStore|iPhone.Deploy.0 = Release|Any CPU
		{B78511EF-E40D-40F7-92E5-6AA580A0A24F}.AppStore|iPhoneSimulator.ActiveCfg = Release|Any CPU
		{B78511EF-E40D-40F7-92E5-6AA580A0A24F}.AppStore|iPhoneSimulator.Build.0 = Release|Any CPU
		{B78511EF-E40D-40F7-92E5-6AA580A0A24F}.AppStore|iPhoneSimulator.Deploy.0 = Release|Any CPU
		{B78511EF-E40D-40F7-92E5-6AA580A0A24F}.AppStore|x64.ActiveCfg = Release|Any CPU
		{B78511EF-E40D-40F7-92E5-6AA580A0A24F}.AppStore|x64.Build.0 = Release|Any CPU
		{B78511EF-E40D-40F7-92E5-6AA580A0A24F}.AppStore|x64.Deploy.0 = Release|Any CPU
		{B78511EF-E40D-40F7-92E5-6AA580A0A24F}.AppStore|x86.ActiveCfg = Release|Any CPU
		{B78511EF-E40D-40F7-92E5-6AA580A0A24F}.AppStore|x86.Build.0 = Release|Any CPU
		{B78511EF-E40D-40F7-92E5-6AA580A0A24F}.AppStore|x86.Deploy.0 = Release|Any CPU
		{B78511EF-E40D-40F7-92E5-6AA580A0A24F}.Debug|Any CPU.ActiveCfg = Debug|Any CPU
		{B78511EF-E40D-40F7-92E5-6AA580A0A24F}.Debug|Any CPU.Build.0 = Debug|Any CPU
		{B78511EF-E40D-40F7-92E5-6AA580A0A24F}.Debug|Any CPU.Deploy.0 = Debug|Any CPU
		{B78511EF-E40D-40F7-92E5-6AA580A0A24F}.Debug|ARM.ActiveCfg = Debug|Any CPU
		{B78511EF-E40D-40F7-92E5-6AA580A0A24F}.Debug|ARM.Build.0 = Debug|Any CPU
		{B78511EF-E40D-40F7-92E5-6AA580A0A24F}.Debug|ARM.Deploy.0 = Debug|Any CPU
		{B78511EF-E40D-40F7-92E5-6AA580A0A24F}.Debug|iPhone.ActiveCfg = Debug|Any CPU
		{B78511EF-E40D-40F7-92E5-6AA580A0A24F}.Debug|iPhone.Build.0 = Debug|Any CPU
		{B78511EF-E40D-40F7-92E5-6AA580A0A24F}.Debug|iPhone.Deploy.0 = Debug|Any CPU
		{B78511EF-E40D-40F7-92E5-6AA580A0A24F}.Debug|iPhoneSimulator.ActiveCfg = Debug|Any CPU
		{B78511EF-E40D-40F7-92E5-6AA580A0A24F}.Debug|iPhoneSimulator.Build.0 = Debug|Any CPU
		{B78511EF-E40D-40F7-92E5-6AA580A0A24F}.Debug|iPhoneSimulator.Deploy.0 = Debug|Any CPU
		{B78511EF-E40D-40F7-92E5-6AA580A0A24F}.Debug|x64.ActiveCfg = Debug|Any CPU
		{B78511EF-E40D-40F7-92E5-6AA580A0A24F}.Debug|x64.Build.0 = Debug|Any CPU
		{B78511EF-E40D-40F7-92E5-6AA580A0A24F}.Debug|x64.Deploy.0 = Debug|Any CPU
		{B78511EF-E40D-40F7-92E5-6AA580A0A24F}.Debug|x86.ActiveCfg = Debug|Any CPU
		{B78511EF-E40D-40F7-92E5-6AA580A0A24F}.Debug|x86.Build.0 = Debug|Any CPU
		{B78511EF-E40D-40F7-92E5-6AA580A0A24F}.Debug|x86.Deploy.0 = Debug|Any CPU
		{B78511EF-E40D-40F7-92E5-6AA580A0A24F}.Release|Any CPU.ActiveCfg = Release|Any CPU
		{B78511EF-E40D-40F7-92E5-6AA580A0A24F}.Release|Any CPU.Build.0 = Release|Any CPU
		{B78511EF-E40D-40F7-92E5-6AA580A0A24F}.Release|Any CPU.Deploy.0 = Release|Any CPU
		{B78511EF-E40D-40F7-92E5-6AA580A0A24F}.Release|ARM.ActiveCfg = Release|Any CPU
		{B78511EF-E40D-40F7-92E5-6AA580A0A24F}.Release|ARM.Build.0 = Release|Any CPU
		{B78511EF-E40D-40F7-92E5-6AA580A0A24F}.Release|ARM.Deploy.0 = Release|Any CPU
		{B78511EF-E40D-40F7-92E5-6AA580A0A24F}.Release|iPhone.ActiveCfg = Release|Any CPU
		{B78511EF-E40D-40F7-92E5-6AA580A0A24F}.Release|iPhone.Build.0 = Release|Any CPU
		{B78511EF-E40D-40F7-92E5-6AA580A0A24F}.Release|iPhone.Deploy.0 = Release|Any CPU
		{B78511EF-E40D-40F7-92E5-6AA580A0A24F}.Release|iPhoneSimulator.ActiveCfg = Release|Any CPU
		{B78511EF-E40D-40F7-92E5-6AA580A0A24F}.Release|iPhoneSimulator.Build.0 = Release|Any CPU
		{B78511EF-E40D-40F7-92E5-6AA580A0A24F}.Release|iPhoneSimulator.Deploy.0 = Release|Any CPU
		{B78511EF-E40D-40F7-92E5-6AA580A0A24F}.Release|x64.ActiveCfg = Release|Any CPU
		{B78511EF-E40D-40F7-92E5-6AA580A0A24F}.Release|x64.Build.0 = Release|Any CPU
		{B78511EF-E40D-40F7-92E5-6AA580A0A24F}.Release|x64.Deploy.0 = Release|Any CPU
		{B78511EF-E40D-40F7-92E5-6AA580A0A24F}.Release|x86.ActiveCfg = Release|Any CPU
		{B78511EF-E40D-40F7-92E5-6AA580A0A24F}.Release|x86.Build.0 = Release|Any CPU
		{B78511EF-E40D-40F7-92E5-6AA580A0A24F}.Release|x86.Deploy.0 = Release|Any CPU
		{48140401-B57D-4F9F-AEF0-9DE964D8C0B6}.Ad-Hoc|Any CPU.ActiveCfg = Release|Any CPU
		{48140401-B57D-4F9F-AEF0-9DE964D8C0B6}.Ad-Hoc|Any CPU.Build.0 = Release|Any CPU
		{48140401-B57D-4F9F-AEF0-9DE964D8C0B6}.Ad-Hoc|ARM.ActiveCfg = Release|Any CPU
		{48140401-B57D-4F9F-AEF0-9DE964D8C0B6}.Ad-Hoc|ARM.Build.0 = Release|Any CPU
		{48140401-B57D-4F9F-AEF0-9DE964D8C0B6}.Ad-Hoc|iPhone.ActiveCfg = Release|Any CPU
		{48140401-B57D-4F9F-AEF0-9DE964D8C0B6}.Ad-Hoc|iPhone.Build.0 = Release|Any CPU
		{48140401-B57D-4F9F-AEF0-9DE964D8C0B6}.Ad-Hoc|iPhoneSimulator.ActiveCfg = Release|Any CPU
		{48140401-B57D-4F9F-AEF0-9DE964D8C0B6}.Ad-Hoc|iPhoneSimulator.Build.0 = Release|Any CPU
		{48140401-B57D-4F9F-AEF0-9DE964D8C0B6}.Ad-Hoc|x64.ActiveCfg = Release|Any CPU
		{48140401-B57D-4F9F-AEF0-9DE964D8C0B6}.Ad-Hoc|x64.Build.0 = Release|Any CPU
		{48140401-B57D-4F9F-AEF0-9DE964D8C0B6}.Ad-Hoc|x86.ActiveCfg = Release|Any CPU
		{48140401-B57D-4F9F-AEF0-9DE964D8C0B6}.Ad-Hoc|x86.Build.0 = Release|Any CPU
		{48140401-B57D-4F9F-AEF0-9DE964D8C0B6}.AppStore|Any CPU.ActiveCfg = Release|Any CPU
		{48140401-B57D-4F9F-AEF0-9DE964D8C0B6}.AppStore|Any CPU.Build.0 = Release|Any CPU
		{48140401-B57D-4F9F-AEF0-9DE964D8C0B6}.AppStore|ARM.ActiveCfg = Release|Any CPU
		{48140401-B57D-4F9F-AEF0-9DE964D8C0B6}.AppStore|ARM.Build.0 = Release|Any CPU
		{48140401-B57D-4F9F-AEF0-9DE964D8C0B6}.AppStore|iPhone.ActiveCfg = Release|Any CPU
		{48140401-B57D-4F9F-AEF0-9DE964D8C0B6}.AppStore|iPhone.Build.0 = Release|Any CPU
		{48140401-B57D-4F9F-AEF0-9DE964D8C0B6}.AppStore|iPhoneSimulator.ActiveCfg = Release|Any CPU
		{48140401-B57D-4F9F-AEF0-9DE964D8C0B6}.AppStore|iPhoneSimulator.Build.0 = Release|Any CPU
		{48140401-B57D-4F9F-AEF0-9DE964D8C0B6}.AppStore|x64.ActiveCfg = Release|Any CPU
		{48140401-B57D-4F9F-AEF0-9DE964D8C0B6}.AppStore|x64.Build.0 = Release|Any CPU
		{48140401-B57D-4F9F-AEF0-9DE964D8C0B6}.AppStore|x86.ActiveCfg = Release|Any CPU
		{48140401-B57D-4F9F-AEF0-9DE964D8C0B6}.AppStore|x86.Build.0 = Release|Any CPU
		{48140401-B57D-4F9F-AEF0-9DE964D8C0B6}.Debug|Any CPU.ActiveCfg = Debug|Any CPU
		{48140401-B57D-4F9F-AEF0-9DE964D8C0B6}.Debug|Any CPU.Build.0 = Debug|Any CPU
		{48140401-B57D-4F9F-AEF0-9DE964D8C0B6}.Debug|ARM.ActiveCfg = Debug|Any CPU
		{48140401-B57D-4F9F-AEF0-9DE964D8C0B6}.Debug|ARM.Build.0 = Debug|Any CPU
		{48140401-B57D-4F9F-AEF0-9DE964D8C0B6}.Debug|iPhone.ActiveCfg = Debug|Any CPU
		{48140401-B57D-4F9F-AEF0-9DE964D8C0B6}.Debug|iPhone.Build.0 = Debug|Any CPU
		{48140401-B57D-4F9F-AEF0-9DE964D8C0B6}.Debug|iPhoneSimulator.ActiveCfg = Debug|Any CPU
		{48140401-B57D-4F9F-AEF0-9DE964D8C0B6}.Debug|iPhoneSimulator.Build.0 = Debug|Any CPU
		{48140401-B57D-4F9F-AEF0-9DE964D8C0B6}.Debug|x64.ActiveCfg = Debug|Any CPU
		{48140401-B57D-4F9F-AEF0-9DE964D8C0B6}.Debug|x64.Build.0 = Debug|Any CPU
		{48140401-B57D-4F9F-AEF0-9DE964D8C0B6}.Debug|x86.ActiveCfg = Debug|Any CPU
		{48140401-B57D-4F9F-AEF0-9DE964D8C0B6}.Debug|x86.Build.0 = Debug|Any CPU
		{48140401-B57D-4F9F-AEF0-9DE964D8C0B6}.Release|Any CPU.ActiveCfg = Release|Any CPU
		{48140401-B57D-4F9F-AEF0-9DE964D8C0B6}.Release|Any CPU.Build.0 = Release|Any CPU
		{48140401-B57D-4F9F-AEF0-9DE964D8C0B6}.Release|ARM.ActiveCfg = Release|Any CPU
		{48140401-B57D-4F9F-AEF0-9DE964D8C0B6}.Release|ARM.Build.0 = Release|Any CPU
		{48140401-B57D-4F9F-AEF0-9DE964D8C0B6}.Release|iPhone.ActiveCfg = Release|Any CPU
		{48140401-B57D-4F9F-AEF0-9DE964D8C0B6}.Release|iPhone.Build.0 = Release|Any CPU
		{48140401-B57D-4F9F-AEF0-9DE964D8C0B6}.Release|iPhoneSimulator.ActiveCfg = Release|Any CPU
		{48140401-B57D-4F9F-AEF0-9DE964D8C0B6}.Release|iPhoneSimulator.Build.0 = Release|Any CPU
		{48140401-B57D-4F9F-AEF0-9DE964D8C0B6}.Release|x64.ActiveCfg = Release|Any CPU
		{48140401-B57D-4F9F-AEF0-9DE964D8C0B6}.Release|x64.Build.0 = Release|Any CPU
		{48140401-B57D-4F9F-AEF0-9DE964D8C0B6}.Release|x86.ActiveCfg = Release|Any CPU
		{48140401-B57D-4F9F-AEF0-9DE964D8C0B6}.Release|x86.Build.0 = Release|Any CPU
		{9F18B1B0-AEB7-47FA-A50B-8F5EA266533A}.Ad-Hoc|Any CPU.ActiveCfg = Release|x86
		{9F18B1B0-AEB7-47FA-A50B-8F5EA266533A}.Ad-Hoc|Any CPU.Build.0 = Release|x86
		{9F18B1B0-AEB7-47FA-A50B-8F5EA266533A}.Ad-Hoc|Any CPU.Deploy.0 = Release|x86
		{9F18B1B0-AEB7-47FA-A50B-8F5EA266533A}.Ad-Hoc|ARM.ActiveCfg = Release|ARM
		{9F18B1B0-AEB7-47FA-A50B-8F5EA266533A}.Ad-Hoc|ARM.Build.0 = Release|ARM
		{9F18B1B0-AEB7-47FA-A50B-8F5EA266533A}.Ad-Hoc|ARM.Deploy.0 = Release|ARM
		{9F18B1B0-AEB7-47FA-A50B-8F5EA266533A}.Ad-Hoc|iPhone.ActiveCfg = Release|x86
		{9F18B1B0-AEB7-47FA-A50B-8F5EA266533A}.Ad-Hoc|iPhone.Build.0 = Release|x86
		{9F18B1B0-AEB7-47FA-A50B-8F5EA266533A}.Ad-Hoc|iPhone.Deploy.0 = Release|x86
		{9F18B1B0-AEB7-47FA-A50B-8F5EA266533A}.Ad-Hoc|iPhoneSimulator.ActiveCfg = Release|x86
		{9F18B1B0-AEB7-47FA-A50B-8F5EA266533A}.Ad-Hoc|iPhoneSimulator.Build.0 = Release|x86
		{9F18B1B0-AEB7-47FA-A50B-8F5EA266533A}.Ad-Hoc|iPhoneSimulator.Deploy.0 = Release|x86
		{9F18B1B0-AEB7-47FA-A50B-8F5EA266533A}.Ad-Hoc|x64.ActiveCfg = Release|x64
		{9F18B1B0-AEB7-47FA-A50B-8F5EA266533A}.Ad-Hoc|x64.Build.0 = Release|x64
		{9F18B1B0-AEB7-47FA-A50B-8F5EA266533A}.Ad-Hoc|x64.Deploy.0 = Release|x64
		{9F18B1B0-AEB7-47FA-A50B-8F5EA266533A}.Ad-Hoc|x86.ActiveCfg = Release|x86
		{9F18B1B0-AEB7-47FA-A50B-8F5EA266533A}.Ad-Hoc|x86.Build.0 = Release|x86
		{9F18B1B0-AEB7-47FA-A50B-8F5EA266533A}.Ad-Hoc|x86.Deploy.0 = Release|x86
		{9F18B1B0-AEB7-47FA-A50B-8F5EA266533A}.AppStore|Any CPU.ActiveCfg = Release|x86
		{9F18B1B0-AEB7-47FA-A50B-8F5EA266533A}.AppStore|Any CPU.Build.0 = Release|x86
		{9F18B1B0-AEB7-47FA-A50B-8F5EA266533A}.AppStore|Any CPU.Deploy.0 = Release|x86
		{9F18B1B0-AEB7-47FA-A50B-8F5EA266533A}.AppStore|ARM.ActiveCfg = Release|ARM
		{9F18B1B0-AEB7-47FA-A50B-8F5EA266533A}.AppStore|ARM.Build.0 = Release|ARM
		{9F18B1B0-AEB7-47FA-A50B-8F5EA266533A}.AppStore|ARM.Deploy.0 = Release|ARM
		{9F18B1B0-AEB7-47FA-A50B-8F5EA266533A}.AppStore|iPhone.ActiveCfg = Release|x86
		{9F18B1B0-AEB7-47FA-A50B-8F5EA266533A}.AppStore|iPhone.Build.0 = Release|x86
		{9F18B1B0-AEB7-47FA-A50B-8F5EA266533A}.AppStore|iPhone.Deploy.0 = Release|x86
		{9F18B1B0-AEB7-47FA-A50B-8F5EA266533A}.AppStore|iPhoneSimulator.ActiveCfg = Release|x86
		{9F18B1B0-AEB7-47FA-A50B-8F5EA266533A}.AppStore|iPhoneSimulator.Build.0 = Release|x86
		{9F18B1B0-AEB7-47FA-A50B-8F5EA266533A}.AppStore|iPhoneSimulator.Deploy.0 = Release|x86
		{9F18B1B0-AEB7-47FA-A50B-8F5EA266533A}.AppStore|x64.ActiveCfg = Release|x64
		{9F18B1B0-AEB7-47FA-A50B-8F5EA266533A}.AppStore|x64.Build.0 = Release|x64
		{9F18B1B0-AEB7-47FA-A50B-8F5EA266533A}.AppStore|x64.Deploy.0 = Release|x64
		{9F18B1B0-AEB7-47FA-A50B-8F5EA266533A}.AppStore|x86.ActiveCfg = Release|x86
		{9F18B1B0-AEB7-47FA-A50B-8F5EA266533A}.AppStore|x86.Build.0 = Release|x86
		{9F18B1B0-AEB7-47FA-A50B-8F5EA266533A}.AppStore|x86.Deploy.0 = Release|x86
		{9F18B1B0-AEB7-47FA-A50B-8F5EA266533A}.Debug|Any CPU.ActiveCfg = Debug|x86
		{9F18B1B0-AEB7-47FA-A50B-8F5EA266533A}.Debug|ARM.ActiveCfg = Debug|ARM
		{9F18B1B0-AEB7-47FA-A50B-8F5EA266533A}.Debug|ARM.Build.0 = Debug|ARM
		{9F18B1B0-AEB7-47FA-A50B-8F5EA266533A}.Debug|ARM.Deploy.0 = Debug|ARM
		{9F18B1B0-AEB7-47FA-A50B-8F5EA266533A}.Debug|iPhone.ActiveCfg = Debug|x86
		{9F18B1B0-AEB7-47FA-A50B-8F5EA266533A}.Debug|iPhoneSimulator.ActiveCfg = Debug|x86
		{9F18B1B0-AEB7-47FA-A50B-8F5EA266533A}.Debug|x64.ActiveCfg = Debug|x64
		{9F18B1B0-AEB7-47FA-A50B-8F5EA266533A}.Debug|x64.Build.0 = Debug|x64
		{9F18B1B0-AEB7-47FA-A50B-8F5EA266533A}.Debug|x64.Deploy.0 = Debug|x64
		{9F18B1B0-AEB7-47FA-A50B-8F5EA266533A}.Debug|x86.ActiveCfg = Debug|x86
		{9F18B1B0-AEB7-47FA-A50B-8F5EA266533A}.Debug|x86.Build.0 = Debug|x86
		{9F18B1B0-AEB7-47FA-A50B-8F5EA266533A}.Debug|x86.Deploy.0 = Debug|x86
		{9F18B1B0-AEB7-47FA-A50B-8F5EA266533A}.Release|Any CPU.ActiveCfg = Release|x86
		{9F18B1B0-AEB7-47FA-A50B-8F5EA266533A}.Release|ARM.ActiveCfg = Release|ARM
		{9F18B1B0-AEB7-47FA-A50B-8F5EA266533A}.Release|ARM.Build.0 = Release|ARM
		{9F18B1B0-AEB7-47FA-A50B-8F5EA266533A}.Release|ARM.Deploy.0 = Release|ARM
		{9F18B1B0-AEB7-47FA-A50B-8F5EA266533A}.Release|iPhone.ActiveCfg = Release|x86
		{9F18B1B0-AEB7-47FA-A50B-8F5EA266533A}.Release|iPhoneSimulator.ActiveCfg = Release|x86
		{9F18B1B0-AEB7-47FA-A50B-8F5EA266533A}.Release|x64.ActiveCfg = Release|x64
		{9F18B1B0-AEB7-47FA-A50B-8F5EA266533A}.Release|x64.Build.0 = Release|x64
		{9F18B1B0-AEB7-47FA-A50B-8F5EA266533A}.Release|x64.Deploy.0 = Release|x64
		{9F18B1B0-AEB7-47FA-A50B-8F5EA266533A}.Release|x86.ActiveCfg = Release|x86
		{9F18B1B0-AEB7-47FA-A50B-8F5EA266533A}.Release|x86.Build.0 = Release|x86
		{9F18B1B0-AEB7-47FA-A50B-8F5EA266533A}.Release|x86.Deploy.0 = Release|x86
		{814FCCC2-E824-409D-9EAB-55841A1C2C2C}.Ad-Hoc|Any CPU.ActiveCfg = Ad-Hoc|iPhoneSimulator
		{814FCCC2-E824-409D-9EAB-55841A1C2C2C}.Ad-Hoc|ARM.ActiveCfg = Ad-Hoc|iPhone
		{814FCCC2-E824-409D-9EAB-55841A1C2C2C}.Ad-Hoc|iPhone.ActiveCfg = Ad-Hoc|iPhone
		{814FCCC2-E824-409D-9EAB-55841A1C2C2C}.Ad-Hoc|iPhone.Build.0 = Ad-Hoc|iPhone
		{814FCCC2-E824-409D-9EAB-55841A1C2C2C}.Ad-Hoc|iPhoneSimulator.ActiveCfg = Ad-Hoc|iPhoneSimulator
		{814FCCC2-E824-409D-9EAB-55841A1C2C2C}.Ad-Hoc|iPhoneSimulator.Build.0 = Ad-Hoc|iPhoneSimulator
		{814FCCC2-E824-409D-9EAB-55841A1C2C2C}.Ad-Hoc|x64.ActiveCfg = Ad-Hoc|iPhone
		{814FCCC2-E824-409D-9EAB-55841A1C2C2C}.Ad-Hoc|x86.ActiveCfg = Ad-Hoc|iPhone
		{814FCCC2-E824-409D-9EAB-55841A1C2C2C}.AppStore|Any CPU.ActiveCfg = AppStore|iPhoneSimulator
		{814FCCC2-E824-409D-9EAB-55841A1C2C2C}.AppStore|ARM.ActiveCfg = AppStore|iPhone
		{814FCCC2-E824-409D-9EAB-55841A1C2C2C}.AppStore|iPhone.ActiveCfg = AppStore|iPhone
		{814FCCC2-E824-409D-9EAB-55841A1C2C2C}.AppStore|iPhone.Build.0 = AppStore|iPhone
		{814FCCC2-E824-409D-9EAB-55841A1C2C2C}.AppStore|iPhoneSimulator.ActiveCfg = AppStore|iPhoneSimulator
		{814FCCC2-E824-409D-9EAB-55841A1C2C2C}.AppStore|iPhoneSimulator.Build.0 = AppStore|iPhoneSimulator
		{814FCCC2-E824-409D-9EAB-55841A1C2C2C}.AppStore|x64.ActiveCfg = AppStore|iPhone
		{814FCCC2-E824-409D-9EAB-55841A1C2C2C}.AppStore|x86.ActiveCfg = AppStore|iPhone
		{814FCCC2-E824-409D-9EAB-55841A1C2C2C}.Debug|Any CPU.ActiveCfg = Debug|iPhoneSimulator
		{814FCCC2-E824-409D-9EAB-55841A1C2C2C}.Debug|ARM.ActiveCfg = Debug|iPhone
		{814FCCC2-E824-409D-9EAB-55841A1C2C2C}.Debug|iPhone.ActiveCfg = Debug|iPhone
		{814FCCC2-E824-409D-9EAB-55841A1C2C2C}.Debug|iPhone.Build.0 = Debug|iPhone
		{814FCCC2-E824-409D-9EAB-55841A1C2C2C}.Debug|iPhoneSimulator.ActiveCfg = Debug|iPhoneSimulator
		{814FCCC2-E824-409D-9EAB-55841A1C2C2C}.Debug|iPhoneSimulator.Build.0 = Debug|iPhoneSimulator
		{814FCCC2-E824-409D-9EAB-55841A1C2C2C}.Debug|x64.ActiveCfg = Debug|iPhone
		{814FCCC2-E824-409D-9EAB-55841A1C2C2C}.Debug|x86.ActiveCfg = Debug|iPhone
		{814FCCC2-E824-409D-9EAB-55841A1C2C2C}.Release|Any CPU.ActiveCfg = Release|iPhoneSimulator
		{814FCCC2-E824-409D-9EAB-55841A1C2C2C}.Release|ARM.ActiveCfg = Release|iPhone
		{814FCCC2-E824-409D-9EAB-55841A1C2C2C}.Release|iPhone.ActiveCfg = Release|iPhone
		{814FCCC2-E824-409D-9EAB-55841A1C2C2C}.Release|iPhone.Build.0 = Release|iPhone
		{814FCCC2-E824-409D-9EAB-55841A1C2C2C}.Release|iPhoneSimulator.ActiveCfg = Release|iPhoneSimulator
		{814FCCC2-E824-409D-9EAB-55841A1C2C2C}.Release|iPhoneSimulator.Build.0 = Release|iPhoneSimulator
		{814FCCC2-E824-409D-9EAB-55841A1C2C2C}.Release|x64.ActiveCfg = Release|iPhone
		{814FCCC2-E824-409D-9EAB-55841A1C2C2C}.Release|x86.ActiveCfg = Release|iPhone
	EndGlobalSection
	GlobalSection(SolutionProperties) = preSolution
		HideSolutionNode = FALSE
	EndGlobalSection
	GlobalSection(ExtensibilityGlobals) = postSolution
		SolutionGuid = {30B383DC-F680-4E7E-B7DF-BC9EC8EFB8A4}
	EndGlobalSection
EndGlobal
